# This file is automatically @generated by Cargo.
# It is not intended for manual editing.
version = 3

[[package]]
name = "plato-afterlife"
version = "0.1.0"
source = "git+https://github.com/SuperInstance/plato-afterlife.git#7ebf229f8905d6a09f6965af15959ad22ab434a7"

[[package]]
name = "plato-dcs"
version = "0.1.0"
source = "git+https://github.com/SuperInstance/plato-dcs.git#92a3387cc0b99bdf72b8c5932fc4f84d3ae8d9ca"

[[package]]
name = "plato-demo"
version = "0.1.0"
dependencies = [
 "plato-afterlife",
 "plato-dcs",
 "plato-deploy-policy",
 "plato-forge-pipeline",
 "plato-relay-tidepool",
 "plato-unified-belief",
]

[[package]]
name = "plato-deploy-policy"
version = "0.1.0"
source = "git+https://github.com/SuperInstance/plato-deploy-policy.git#84e25258598e2cef247c7cb84472b4ab6c9c6692"

[[package]]
name = "plato-forge-pipeline"
version = "0.1.0"
source = "git+https://github.com/SuperInstance/plato-forge-pipeline.git#4e625a4a3227f9f744b82ec87fdcd6475238c4d2"

[[package]]
name = "plato-relay-tidepool"
version = "0.1.0"
source = "git+https://github.com/SuperInstance/plato-relay-tidepool.git#eec5c41deb4be12818a5a0aecf6ebe88c6011832"

[[package]]
name = "plato-unified-belief"
version = "0.1.0"
source = "git+https://github.com/SuperInstance/plato-unified-belief.git#8e21eaef9bf95558f8baf4dfed9935bc3555a973"
